
Microsoft Visual Studio Solution File, Format Version 12.00
# Visual Studio Version 17
VisualStudioVersion = 17.12.35527.113
MinimumVisualStudioVersion = 10.0.40219.1
Project("{FAE04EC0-301F-11D3-BF4B-00C04F79EFBC}") = "Book_Store.API", "Book_Store.API\Book_Store.API.csproj", "{E70093A1-31C9-4CEB-9F79-3D66C21F2EEB}"
EndProject
Project("{FAE04EC0-301F-11D3-BF4B-00C04F79EFBC}") = "BookStore.Core", "BookStore.Core\BookStore.Core.csproj", "{A6F1C6AA-1EBB-4B49-A54E-8E93F31AA4F8}"
EndProject
Project("{FAE04EC0-301F-11D3-BF4B-00C04F79EFBC}") = "BookStore.DataAccess", "BookStore.DataAccess\BookStore.DataAccess.csproj", "{AEB92E87-C63C-487A-9A0C-53D97975129B}"
EndProject
Project("{FAE04EC0-301F-11D3-BF4B-00C04F79EFBC}") = "BookStore.Application", "BookStore.Application\BookStore.Application.csproj", "{BEE6071F-A03C-4934-A925-F91AE7C3E038}"
EndProject
Global
	GlobalSection(SolutionConfigurationPlatforms) = preSolution
		Debug|Any CPU = Debug|Any CPU
		Release|Any CPU = Release|Any CPU
	EndGlobalSection
	GlobalSection(ProjectConfigurationPlatforms) = postSolution
		{E70093A1-31C9-4CEB-9F79-3D66C21F2EEB}.Debug|Any CPU.ActiveCfg = Debug|Any CPU
		{E70093A1-31C9-4CEB-9F79-3D66C21F2EEB}.Debug|Any CPU.Build.0 = Debug|Any CPU
		{E70093A1-31C9-4CEB-9F79-3D66C21F2EEB}.Release|Any CPU.ActiveCfg = Release|Any CPU
		{E70093A1-31C9-4CEB-9F79-3D66C21F2EEB}.Release|Any CPU.Build.0 = Release|Any CPU
		{A6F1C6AA-1EBB-4B49-A54E-8E93F31AA4F8}.Debug|Any CPU.ActiveCfg = Debug|Any CPU
		{A6F1C6AA-1EBB-4B49-A54E-8E93F31AA4F8}.Debug|Any CPU.Build.0 = Debug|Any CPU
		{A6F1C6AA-1EBB-4B49-A54E-8E93F31AA4F8}.Release|Any CPU.ActiveCfg = Release|Any CPU
		{A6F1C6AA-1EBB-4B49-A54E-8E93F31AA4F8}.Release|Any CPU.Build.0 = Release|Any CPU
		{AEB92E87-C63C-487A-9A0C-53D97975129B}.Debug|Any CPU.ActiveCfg = Debug|Any CPU
		{AEB92E87-C63C-487A-9A0C-53D97975129B}.Debug|Any CPU.Build.0 = Debug|Any CPU
		{AEB92E87-C63C-487A-9A0C-53D97975129B}.Release|Any CPU.ActiveCfg = Release|Any CPU
		{AEB92E87-C63C-487A-9A0C-53D97975129B}.Release|Any CPU.Build.0 = Release|Any CPU
		{BEE6071F-A03C-4934-A925-F91AE7C3E038}.Debug|Any CPU.ActiveCfg = Debug|Any CPU
		{BEE6071F-A03C-4934-A925-F91AE7C3E038}.Debug|Any CPU.Build.0 = Debug|Any CPU
		{BEE6071F-A03C-4934-A925-F91AE7C3E038}.Release|Any CPU.ActiveCfg = Release|Any CPU
		{BEE6071F-A03C-4934-A925-F91AE7C3E038}.Release|Any CPU.Build.0 = Release|Any CPU
	EndGlobalSection
	GlobalSection(SolutionProperties) = preSolution
		HideSolutionNode = FALSE
	EndGlobalSection
	GlobalSection(ExtensibilityGlobals) = postSolution
		SolutionGuid = {D7AA9CC6-1B0E-4855-A785-1D6DD0476757}
	EndGlobalSection
EndGlobal
